
Microsoft Visual Studio Solution File, Format Version 12.00
# Visual Studio 15
VisualStudioVersion = 15.0.27130.2010
MinimumVisualStudioVersion = 10.0.40219.1
Project("{9A19103F-16F7-4668-BE54-9A1E7A4F7556}") = "IcoCryptex.Net", "IcoCryptex.Net\IcoCryptex.Net.csproj", "{215E01C9-1FC6-46CF-BE64-64C877DBF596}"
EndProject
Project("{9A19103F-16F7-4668-BE54-9A1E7A4F7556}") = "IcoCryptex.Net.Examples", "IcoCryptex.Net.Examples\IcoCryptex.Net.Examples.csproj", "{5550E62A-E14F-4E30-B4CC-5EB6F2EF4C84}"
EndProject
Project("{2150E333-8FDC-42A3-9474-1A3956D46DE8}") = "Content", "Content", "{2FD5C01F-4EC5-4DB2-817F-9F15115AE5A2}"
	ProjectSection(SolutionItems) = preProject
		.gitignore = .gitignore
		LICENSE = LICENSE
		README.md = README.md
	EndProjectSection
EndProject
Global
	GlobalSection(SolutionConfigurationPlatforms) = preSolution
		Debug|Any CPU = Debug|Any CPU
		Release|Any CPU = Release|Any CPU
	EndGlobalSection
	GlobalSection(ProjectConfigurationPlatforms) = postSolution
		{215E01C9-1FC6-46CF-BE64-64C877DBF596}.Debug|Any CPU.ActiveCfg = Debug|Any CPU
		{215E01C9-1FC6-46CF-BE64-64C877DBF596}.Debug|Any CPU.Build.0 = Debug|Any CPU
		{215E01C9-1FC6-46CF-BE64-64C877DBF596}.Release|Any CPU.ActiveCfg = Release|Any CPU
		{215E01C9-1FC6-46CF-BE64-64C877DBF596}.Release|Any CPU.Build.0 = Release|Any CPU
		{5550E62A-E14F-4E30-B4CC-5EB6F2EF4C84}.Debug|Any CPU.ActiveCfg = Debug|Any CPU
		{5550E62A-E14F-4E30-B4CC-5EB6F2EF4C84}.Debug|Any CPU.Build.0 = Debug|Any CPU
		{5550E62A-E14F-4E30-B4CC-5EB6F2EF4C84}.Release|Any CPU.ActiveCfg = Release|Any CPU
		{5550E62A-E14F-4E30-B4CC-5EB6F2EF4C84}.Release|Any CPU.Build.0 = Release|Any CPU
	EndGlobalSection
	GlobalSection(SolutionProperties) = preSolution
		HideSolutionNode = FALSE
	EndGlobalSection
	GlobalSection(ExtensibilityGlobals) = postSolution
		SolutionGuid = {7E9AE765-7D01-4936-9F11-1972667359D9}
	EndGlobalSection
EndGlobal
